{
  "name": "melodeathcli-melodie",
  "version": "94.3949.34",
  "lockfileVersion": 3,
  "requires": true,
  "packages": {
    "": {
      "name": "melodeathcli-melodie",
      "version": "94.3949.34",
      "license": "MIT",
      "bin": {
        "melodie": "src/cli.mjs"
      },
      "engines": {
        "node": ">=18"
      }
    }
  }
}
